// !$*UTF8*$!
{
	archiveVersion = 1;
	classes = {
	};
	objectVersion = 46;
	objects = {

/* Begin PBXBuildFile section */
		AACF30321EA545E80009E604 /* AppDelegate.swift in Sources */ = {isa = PBXBuildFile; fileRef = AACF30311EA545E80009E604 /* AppDelegate.swift */; };
		AACF30341EA545E80009E604 /* FirstViewController.swift in Sources */ = {isa = PBXBuildFile; fileRef = AACF30331EA545E80009E604 /* FirstViewController.swift */; };
		AACF30361EA545E80009E604 /* SecondViewController.swift in Sources */ = {isa = PBXBuildFile; fileRef = AACF30351EA545E80009E604 /* SecondViewController.swift */; };
		AACF30391EA545E80009E604 /* Main.storyboard in Resources */ = {isa = PBXBuildFile; fileRef = AACF30371EA545E80009E604 /* Main.storyboard */; };
		AACF303B1EA545E80009E604 /* Assets.xcassets in Resources */ = {isa = PBXBuildFile; fileRef = AACF303A1EA545E80009E604 /* Assets.xcassets */; };
		AACF303E1EA545E80009E604 /* LaunchScreen.storyboard in Resources */ = {isa = PBXBuildFile; fileRef = AACF303C1EA545E80009E604 /* LaunchScreen.storyboard */; };
/* End PBXBuildFile section */

/* Begin PBXFileReference section */
		AACF302E1EA545E80009E604 /* To do App.app */ = {isa = PBXFileReference; explicitFileType = wrapper.application; includeInIndex = 0; path = "To do App.app"; sourceTree = BUILT_PRODUCTS_DIR; };
		AACF30311EA545E80009E604 /* AppDelegate.swift */ = {isa = PBXFileReference; lastKnownFileType = sourcecode.swift; path = AppDelegate.swift; sourceTree = "<group>"; };
		AACF30331EA545E80009E604 /* FirstViewController.swift */ = {isa = PBXFileReference; lastKnownFileType = sourcecode.swift; path = FirstViewController.swift; sourceTree = "<group>"; };
		AACF30351EA545E80009E604 /* SecondViewController.swift */ = {isa = PBXFileReference; lastKnownFileType = sourcecode.swift; path = SecondViewController.swift; sourceTree = "<group>"; };
		AACF30381EA545E80009E604 /* Base */ = {isa = PBXFileReference; lastKnownFileType = file.storyboard; name = Base; path = Base.lproj/Main.storyboard; sourceTree = "<group>"; };
		AACF303A1EA545E80009E604 /* Assets.xcassets */ = {isa = PBXFileReference; lastKnownFileType = folder.assetcatalog; path = Assets.xcassets; sourceTree = "<group>"; };
		AACF303D1EA545E80009E604 /* Base */ = {isa = PBXFileReference; lastKnownFileType = file.storyboard; name = Base; path = Base.lproj/LaunchScreen.storyboard; sourceTree = "<group>"; };
		AACF303F1EA545E80009E604 /* Info.plist */ = {isa = PBXFileReference; lastKnownFileType = text.plist.xml; path = Info.plist; sourceTree = "<group>"; };
/* End PBXFileReference section */

/* Begin PBXFrameworksBuildPhase section */
		AACF302B1EA545E80009E604 /* Frameworks */ = {
			isa = PBXFrameworksBuildPhase;
			buildActionMask = 2147483647;
			files = (
			);
			runOnlyForDeploymentPostprocessing = 0;
		};
/* End PBXFrameworksBuildPhase section */

/* Begin PBXGroup section */
		AACF30251EA545E80009E604 = {
			isa = PBXGroup;
			children = (
				AACF30301EA545E80009E604 /* To do App */,
				AACF302F1EA545E80009E604 /* Products */,
			);
			sourceTree = "<group>";
		};
		AACF302F1EA545E80009E604 /* Products */ = {
			isa = PBXGroup;
			children = (
				AACF302E1EA545E80009E604 /* To do App.app */,
			);
			name = Products;
			sourceTree = "<group>";
		};
		AACF30301EA545E80009E604 /* To do App */ = {
			isa = PBXGroup;
			children = (
				AACF30311EA545E80009E604 /* AppDelegate.swift */,
				AACF30331EA545E80009E604 /* FirstViewController.swift */,
				AACF30351EA545E80009E604 /* SecondViewController.swift */,
				AACF30371EA545E80009E604 /* Main.storyboard */,
				AACF303A1EA545E80009E604 /* Assets.xcassets */,
				AACF303C1EA545E80009E604 /* LaunchScreen.storyboard */,
				AACF303F1EA545E80009E604 /* Info.plist */,
			);
			path = "To do App";
			sourceTree = "<group>";
		};
/* End PBXGroup section */

/* Begin PBXNativeTarget section */
		AACF302D1EA545E80009E604 /* To do App */ = {
			isa = PBXNativeTarget;
			buildConfigurationList = AACF30421EA545E80009E604 /* Build configuration list for PBXNativeTarget "To do App" */;
			buildPhases = (
				AACF302A1EA545E80009E604 /* Sources */,
				AACF302B1EA545E80009E604 /* Frameworks */,
				AACF302C1EA545E80009E604 /* Resources */,
			);
			buildRules = (
			);
			dependencies = (
			);
			name = "To do App";
			productName = "To do App";
			productReference = AACF302E1EA545E80009E604 /* To do App.app */;
			productType = "com.apple.product-type.application";
		};
/* End PBXNativeTarget section */

/* Begin PBXProject section */
		AACF30261EA545E80009E604 /* Project object */ = {
			isa = PBXProject;
			attributes = {
				LastSwiftUpdateCheck = 0820;
				LastUpgradeCheck = 0820;
				ORGANIZATIONNAME = "Abdelrahman Hammad";
				TargetAttributes = {
					AACF302D1EA545E80009E604 = {
						CreatedOnToolsVersion = 8.2.1;
						DevelopmentTeam = EEY7432SVL;
						ProvisioningStyle = Automatic;
					};
				};
			};
			buildConfigurationList = AACF30291EA545E80009E604 /* Build configuration list for PBXProject "To do App" */;
			compatibilityVersion = "Xcode 3.2";
			developmentRegion = English;
			hasScannedForEncodings = 0;
			knownRegions = (
				en,
				Base,
			);
			mainGroup = AACF30251EA545E80009E604;
			productRefGroup = AACF302F1EA545E80009E604 /* Products */;
			projectDirPath = "";
			projectRoot = "";
			targets = (
				AACF302D1EA545E80009E604 /* To do App */,
			);
		};
/* End PBXProject section */

/* Begin PBXResourcesBuildPhase section */
		AACF302C1EA545E80009E604 /* Resources */ = {
			isa = PBXResourcesBuildPhase;
			buildActionMask = 2147483647;
			files = (
				AACF303E1EA545E80009E604 /* LaunchScreen.storyboard in Resources */,
				AACF303B1EA545E80009E604 /* Assets.xcassets in Resources */,
				AACF30391EA545E80009E604 /* Main.storyboard in Resources */,
			);
			runOnlyForDeploymentPostprocessing = 0;
		};
/* End PBXResourcesBuildPhase section */

/* Begin PBXSourcesBuildPhase section */
		AACF302A1EA545E80009E604 /* Sources */ = {
			isa = PBXSourcesBuildPhase;
			buildActionMask = 2147483647;
			files = (
				AACF30361EA545E80009E604 /* SecondViewController.swift in Sources */,
				AACF30321EA545E80009E604 /* AppDelegate.swift in Sources */,
				AACF30341EA545E80009E604 /* FirstViewController.swift in Sources */,
			);
			runOnlyForDeploymentPostprocessing = 0;
		};
/* End PBXSourcesBuildPhase section */

/* Begin PBXVariantGroup section */
		AACF30371EA545E80009E604 /* Main.storyboard */ = {
			isa = PBXVariantGroup;
			children = (
				AACF30381EA545E80009E604 /* Base */,
			);
			name = Main.storyboard;
			sourceTree = "<group>";
		};
		AACF303C1EA545E80009E604 /* LaunchScreen.storyboard */ = {
			isa = PBXVariantGroup;
			children = (
				AACF303D1EA545E80009E604 /* Base */,
			);
			name = LaunchScreen.storyboard;
			sourceTree = "<group>";
		};
/* End PBXVariantGroup section */

/* Begin XCBuildConfiguration section */
		AACF30401EA545E80009E604 /* Debug */ = {
			isa = XCBuildConfiguration;
			buildSettings = {
				ALWAYS_SEARCH_USER_PATHS = NO;
				CLANG_ANALYZER_NONNULL = YES;
				CLANG_CXX_LANGUAGE_STANDARD = "gnu++0x";
				CLANG_CXX_LIBRARY = "libc++";
				CLANG_ENABLE_MODULES = YES;
				CLANG_ENABLE_OBJC_ARC = YES;
				CLANG_WARN_BOOL_CONVERSION = YES;
				CLANG_WARN_CONSTANT_CONVERSION = YES;
				CLANG_WARN_DIRECT_OBJC_ISA_USAGE = YES_ERROR;
				CLANG_WARN_DOCUMENTATION_COMMENTS = YES;
				CLANG_WARN_EMPTY_BODY = YES;
				CLANG_WARN_ENUM_CONVERSION = YES;
				CLANG_WARN_INFINITE_RECURSION = YES;
				CLANG_WARN_INT_CONVERSION = YES;
				CLANG_WARN_OBJC_ROOT_CLASS = YES_ERROR;
				CLANG_WARN_SUSPICIOUS_MOVE = YES;
				CLANG_WARN_UNREACHABLE_CODE = YES;
				CLANG_WARN__DUPLICATE_METHOD_MATCH = YES;
				"CODE_SIGN_IDENTITY[sdk=iphoneos*]" = "iPhone Developer";
				COPY_PHASE_STRIP = NO;
				DEBUG_INFORMATION_FORMAT = dwarf;
				ENABLE_STRICT_OBJC_MSGSEND = YES;
				ENABLE_TESTABILITY = YES;
				GCC_C_LANGUAGE_STANDARD = gnu99;
				GCC_DYNAMIC_NO_PIC = NO;
				GCC_NO_COMMON_BLOCKS = YES;
				GCC_OPTIMIZATION_LEVEL = 0;
				GCC_PREPROCESSOR_DEFINITIONS = (
					"DEBUG=1",
					"$(inherited)",
				);
				GCC_WARN_64_TO_32_BIT_CONVERSION = YES;
				GCC_WARN_ABOUT_RETURN_TYPE = YES_ERROR;
				GCC_WARN_UNDECLARED_SELECTOR = YES;
				GCC_WARN_UNINITIALIZED_AUTOS = YES_AGGRESSIVE;
				GCC_WARN_UNUSED_FUNCTION = YES;
				GCC_WARN_UNUSED_VARIABLE = YES;
				IPHONEOS_DEPLOYMENT_TARGET = 10.2;
				MTL_ENABLE_DEBUG_INFO = YES;
				ONLY_ACTIVE_ARCH = YES;
				SDKROOT = iphoneos;
				SWIFT_ACTIVE_COMPILATION_CONDITIONS = DEBUG;
				SWIFT_OPTIMIZATION_LEVEL = "-Onone";
			};
			name = Debug;
		};
		AACF30411EA545E80009E604 /* Release */ = {
			isa = XCBuildConfiguration;
			buildSettings = {
				ALWAYS_SEARCH_USER_PATHS = NO;
				CLANG_ANALYZER_NONNULL = YES;
				CLANG_CXX_LANGUAGE_STANDARD = "gnu++0x";
				CLANG_CXX_LIBRARY = "libc++";
				CLANG_ENABLE_MODULES = YES;
				CLANG_ENABLE_OBJC_ARC = YES;
				CLANG_WARN_BOOL_CONVERSION = YES;
				CLANG_WARN_CONSTANT_CONVERSION = YES;
				CLANG_WARN_DIRECT_OBJC_ISA_USAGE = YES_ERROR;
				CLANG_WARN_DOCUMENTATION_COMMENTS = YES;
				CLANG_WARN_EMPTY_BODY = YES;
				CLANG_WARN_ENUM_CONVERSION = YES;
				CLANG_WARN_INFINITE_RECURSION = YES;
				CLANG_WARN_INT_CONVERSION = YES;
				CLANG_WARN_OBJC_ROOT_CLASS = YES_ERROR;
				CLANG_WARN_SUSPICIOUS_MOVE = YES;
				CLANG_WARN_UNREACHABLE_CODE = YES;
				CLANG_WARN__DUPLICATE_METHOD_MATCH = YES;
				"CODE_SIGN_IDENTITY[sdk=iphoneos*]" = "iPhone Developer";
				COPY_PHASE_STRIP = NO;
				DEBUG_INFORMATION_FORMAT = "dwarf-with-dsym";
				ENABLE_NS_ASSERTIONS = NO;
				ENABLE_STRICT_OBJC_MSGSEND = YES;
				GCC_C_LANGUAGE_STANDARD = gnu99;
				GCC_NO_COMMON_BLOCKS = YES;
				GCC_WARN_64_TO_32_BIT_CONVERSION = YES;
				GCC_WARN_ABOUT_RETURN_TYPE = YES_ERROR;
				GCC_WARN_UNDECLARED_SELECTOR = YES;
				GCC_WARN_UNINITIALIZED_AUTOS = YES_AGGRESSIVE;
				GCC_WARN_UNUSED_FUNCTION = YES;
				GCC_WARN_UNUSED_VARIABLE = YES;
				IPHONEOS_DEPLOYMENT_TARGET = 10.2;
				MTL_ENABLE_DEBUG_INFO = NO;
				SDKROOT = iphoneos;
				SWIFT_OPTIMIZATION_LEVEL = "-Owholemodule";
				VALIDATE_PRODUCT = YES;
			};
			name = Release;
		};
		AACF30431EA545E80009E604 /* Debug */ = {
			isa = XCBuildConfiguration;
			buildSettings = {
				ASSETCATALOG_COMPILER_APPICON_NAME = AppIcon;
				DEVELOPMENT_TEAM = EEY7432SVL;
				INFOPLIST_FILE = "To do App/Info.plist";
				LD_RUNPATH_SEARCH_PATHS = "$(inherited) @executable_path/Frameworks";
				PRODUCT_BUNDLE_IDENTIFIER = "Home.To-do-App";
				PRODUCT_NAME = "$(TARGET_NAME)";
				SWIFT_VERSION = 3.0;
			};
			name = Debug;
		};
		AACF30441EA545E80009E604 /* Release */ = {
			isa = XCBuildConfiguration;
			buildSettings = {
				ASSETCATALOG_COMPILER_APPICON_NAME = AppIcon;
				DEVELOPMENT_TEAM = EEY7432SVL;
				INFOPLIST_FILE = "To do App/Info.plist";
				LD_RUNPATH_SEARCH_PATHS = "$(inherited) @executable_path/Frameworks";
				PRODUCT_BUNDLE_IDENTIFIER = "Home.To-do-App";
				PRODUCT_NAME = "$(TARGET_NAME)";
				SWIFT_VERSION = 3.0;
			};
			name = Release;
		};
/* End XCBuildConfiguration section */

/* Begin XCConfigurationList section */
		AACF30291EA545E80009E604 /* Build configuration list for PBXProject "To do App" */ = {
			isa = XCConfigurationList;
			buildConfigurations = (
				AACF30401EA545E80009E604 /* Debug */,
				AACF30411EA545E80009E604 /* Release */,
			);
			defaultConfigurationIsVisible = 0;
			defaultConfigurationName = Release;
		};
		AACF30421EA545E80009E604 /* Build configuration list for PBXNativeTarget "To do App" */ = {
			isa = XCConfigurationList;
			buildConfigurations = (
				AACF30431EA545E80009E604 /* Debug */,
				AACF30441EA545E80009E604 /* Release */,
			);
			defaultConfigurationIsVisible = 0;
		};
/* End XCConfigurationList section */
	};
	rootObject = AACF30261EA545E80009E604 /* Project object */;
}
